
Microsoft Visual Studio Solution File, Format Version 12.00
# Visual Studio 15
VisualStudioVersion = 15.0.27703.2026
MinimumVisualStudioVersion = 10.0.40219.1
Project("{FAE04EC0-301F-11D3-BF4B-00C04F79EFBC}") = "BeerTracking-be", "BeerTracking-be\BeerTracking-be.csproj", "{8885DEF2-9AA7-43C8-A322-758009CCE685}"
EndProject
Global
	GlobalSection(SolutionConfigurationPlatforms) = preSolution
		Debug|Any CPU = Debug|Any CPU
		Release|Any CPU = Release|Any CPU
	EndGlobalSection
	GlobalSection(ProjectConfigurationPlatforms) = postSolution
		{8885DEF2-9AA7-43C8-A322-758009CCE685}.Debug|Any CPU.ActiveCfg = Debug|Any CPU
		{8885DEF2-9AA7-43C8-A322-758009CCE685}.Debug|Any CPU.Build.0 = Debug|Any CPU
		{8885DEF2-9AA7-43C8-A322-758009CCE685}.Release|Any CPU.ActiveCfg = Release|Any CPU
		{8885DEF2-9AA7-43C8-A322-758009CCE685}.Release|Any CPU.Build.0 = Release|Any CPU
	EndGlobalSection
	GlobalSection(SolutionProperties) = preSolution
		HideSolutionNode = FALSE
	EndGlobalSection
	GlobalSection(ExtensibilityGlobals) = postSolution
		SolutionGuid = {637778B7-1C28-4AEC-A21C-6C4B5D869674}
	EndGlobalSection
EndGlobal
